schema_version: 1
database:
  engine: "django.db.backends.sqlite3"
backends:
  - path: "trusts.zero.backends.TrustModelBackend"
    contents:
      - model: "trusts.Trust"
        trusts:
          - id: "trusts__TrustUserPermission__trust__trusts_trust_content"
            root: "trusts.TrustUserPermission"
            user: {path: "entity", model: "auth.User", target: "id"}
            permission: {path: "permission", model: "auth.Permission", target: "id"}
            content: {path: "trust__trusts_trust_content", model: "trusts.Trust", target: "id"}
            or_group: true
          - id: "trusts__TrustGroupPermission__trustgroup__trust__trusts_trust_content__cond"
            root: "trusts.TrustGroupPermission"
            user: {path: "trustgroup__group__user", model: "auth.User", target: "id"}
            permission: {path: "permission", model: "auth.Permission", target: "id"}
            content: {path: "trustgroup__trust__trusts_trust_content", model: "trusts.Trust", target: "id"}
            or_group: true
          - id: "trusts__TrustGroupPermission__trustgroup__trust__trusts_trust_content__cond__2"
            root: "trusts.TrustGroupPermission"
            user: {path: "trustgroup__group__user", model: "auth.User", target: "id"}
            permission: {path: "permission", model: "auth.Permission", target: "id"}
            content: {path: "trustgroup__trust__trusts_trust_content", model: "trusts.Trust", target: "id"}
            or_group: true
        permitted:
          params: [{const: 1}, {bind: "user.id"}, {bind: "permission.id"}, {const: 1}, {bind: "permission.id"}, {bind: "user.id"}, {const: 1}, {bind: "permission.id"}, {bind: "user.id"}]
          sql: |-
            SELECT DISTINCT "trusts_trust"."id", "trusts_trust"."trust_id", "trusts_trust"."title", "trusts_trust"."settlor_id" FROM "trusts_trust" WHERE (EXISTS(SELECT %s AS "a" FROM "trusts_trustuserpermission" "U0" INNER JOIN "trusts_trust" "U3" ON ("U0"."trust_id" = "U3"."id") INNER JOIN "trusts_trust" "U4" ON ("U3"."id" = "U4"."trust_id") WHERE ("U0"."entity_id" = %s AND "U0"."permission_id" = %s AND "U4"."id" = ("trusts_trust"."id")) LIMIT 1) OR EXISTS(SELECT %s AS "a" FROM "trusts_trustgrouppermission" "U0" INNER JOIN "trusts_trust_groups" "U2" ON ("U0"."trustgroup_id" = "U2"."id") INNER JOIN "auth_group" "U3" ON ("U2"."group_id" = "U3"."id") INNER JOIN "auth_user_groups" "U4" ON ("U3"."id" = "U4"."group_id") INNER JOIN "auth_group_permissions" "U6" ON ("U3"."id" = "U6"."group_id") INNER JOIN "trusts_trust" "U8" ON ("U2"."trust_id" = "U8"."id") INNER JOIN "trusts_trust" "U9" ON ("U8"."id" = "U9"."trust_id") WHERE ("U0"."permission_id" = %s AND "U4"."user_id" = %s AND "U6"."permission_id" = ("U0"."permission_id") AND "U9"."id" = ("trusts_trust"."id")) LIMIT 1) OR EXISTS(SELECT %s AS "a" FROM "trusts_trustgrouppermission" "U0" INNER JOIN "trusts_trust_groups" "U2" ON ("U0"."trustgroup_id" = "U2"."id") INNER JOIN "auth_group" "U3" ON ("U2"."group_id" = "U3"."id") INNER JOIN "auth_user_groups" "U4" ON ("U3"."id" = "U4"."group_id") INNER JOIN "trusts_role_groups" "U6" ON ("U3"."id" = "U6"."group_id") INNER JOIN "trusts_role" "U7" ON ("U6"."role_id" = "U7"."id") INNER JOIN "trusts_rolepermission" "U8" ON ("U7"."id" = "U8"."role_id") INNER JOIN "trusts_trust" "U10" ON ("U2"."trust_id" = "U10"."id") INNER JOIN "trusts_trust" "U11" ON ("U10"."id" = "U11"."trust_id") WHERE ("U0"."permission_id" = %s AND "U4"."user_id" = %s AND "U8"."permission_id" = ("U0"."permission_id") AND "U11"."id" = ("trusts_trust"."id")) LIMIT 1))
        has_perm:
          params: [{const: 1}, {const: 1}, {const: 1}, {bind: "user.id"}, {bind: "permission.id"}, {const: 1}, {bind: "permission.id"}, {bind: "user.id"}, {const: 1}, {bind: "permission.id"}, {bind: "user.id"}]
          sql: |-
            SELECT %s AS "a" FROM "trusts_trust" WHERE ("trusts_trust"."id" = %s AND (EXISTS(SELECT %s AS "a" FROM "trusts_trustuserpermission" "U0" INNER JOIN "trusts_trust" "U3" ON ("U0"."trust_id" = "U3"."id") INNER JOIN "trusts_trust" "U4" ON ("U3"."id" = "U4"."trust_id") WHERE ("U0"."entity_id" = %s AND "U0"."permission_id" = %s AND "U4"."id" = ("trusts_trust"."id")) LIMIT 1) OR EXISTS(SELECT %s AS "a" FROM "trusts_trustgrouppermission" "U0" INNER JOIN "trusts_trust_groups" "U2" ON ("U0"."trustgroup_id" = "U2"."id") INNER JOIN "auth_group" "U3" ON ("U2"."group_id" = "U3"."id") INNER JOIN "auth_user_groups" "U4" ON ("U3"."id" = "U4"."group_id") INNER JOIN "auth_group_permissions" "U6" ON ("U3"."id" = "U6"."group_id") INNER JOIN "trusts_trust" "U8" ON ("U2"."trust_id" = "U8"."id") INNER JOIN "trusts_trust" "U9" ON ("U8"."id" = "U9"."trust_id") WHERE ("U0"."permission_id" = %s AND "U4"."user_id" = %s AND "U6"."permission_id" = ("U0"."permission_id") AND "U9"."id" = ("trusts_trust"."id")) LIMIT 1) OR EXISTS(SELECT %s AS "a" FROM "trusts_trustgrouppermission" "U0" INNER JOIN "trusts_trust_groups" "U2" ON ("U0"."trustgroup_id" = "U2"."id") INNER JOIN "auth_group" "U3" ON ("U2"."group_id" = "U3"."id") INNER JOIN "auth_user_groups" "U4" ON ("U3"."id" = "U4"."group_id") INNER JOIN "trusts_role_groups" "U6" ON ("U3"."id" = "U6"."group_id") INNER JOIN "trusts_role" "U7" ON ("U6"."role_id" = "U7"."id") INNER JOIN "trusts_rolepermission" "U8" ON ("U7"."id" = "U8"."role_id") INNER JOIN "trusts_trust" "U10" ON ("U2"."trust_id" = "U10"."id") INNER JOIN "trusts_trust" "U11" ON ("U10"."id" = "U11"."trust_id") WHERE ("U0"."permission_id" = %s AND "U4"."user_id" = %s AND "U8"."permission_id" = ("U0"."permission_id") AND "U11"."id" = ("trusts_trust"."id")) LIMIT 1))) LIMIT 1
        get_all_permissions:
          params: [{const: 1}, {const: 1}, {const: 1}, {const: 1}, {const: 1}, {bind: "user.id"}, {const: 1}, {bind: "user.id"}, {const: 1}, {bind: "user.id"}]
          sql: |-
            SELECT DISTINCT "auth_permission"."id", "auth_permission"."name", "auth_permission"."content_type_id", "auth_permission"."codename", "django_content_type"."app_label", "django_content_type"."model" FROM "auth_permission" INNER JOIN "django_content_type" ON ("auth_permission"."content_type_id" = "django_content_type"."id") WHERE (EXISTS(SELECT %s AS "a" FROM "trusts_trust" "U0" WHERE "U0"."id" = %s LIMIT 1) AND NOT (EXISTS(SELECT %s AS "a" FROM "trusts_trust" "V0" WHERE ("V0"."id" = %s AND NOT (EXISTS(SELECT %s AS "a" FROM "trusts_trustuserpermission" "U0" INNER JOIN "trusts_trust" "U3" ON ("U0"."trust_id" = "U3"."id") INNER JOIN "trusts_trust" "U4" ON ("U3"."id" = "U4"."trust_id") WHERE ("U0"."entity_id" = %s AND "U0"."permission_id" = ("auth_permission"."id") AND "U4"."id" = ("V0"."id")) LIMIT 1) OR EXISTS(SELECT %s AS "a" FROM "trusts_trustgrouppermission" "U0" INNER JOIN "trusts_trust_groups" "U2" ON ("U0"."trustgroup_id" = "U2"."id") INNER JOIN "auth_group" "U3" ON ("U2"."group_id" = "U3"."id") INNER JOIN "auth_user_groups" "U4" ON ("U3"."id" = "U4"."group_id") INNER JOIN "auth_group_permissions" "U6" ON ("U3"."id" = "U6"."group_id") INNER JOIN "trusts_trust" "U8" ON ("U2"."trust_id" = "U8"."id") INNER JOIN "trusts_trust" "U9" ON ("U8"."id" = "U9"."trust_id") WHERE ("U0"."permission_id" = ("auth_permission"."id") AND "U4"."user_id" = %s AND "U6"."permission_id" = ("U0"."permission_id") AND "U9"."id" = ("V0"."id")) LIMIT 1) OR EXISTS(SELECT %s AS "a" FROM "trusts_trustgrouppermission" "U0" INNER JOIN "trusts_trust_groups" "U2" ON ("U0"."trustgroup_id" = "U2"."id") INNER JOIN "auth_group" "U3" ON ("U2"."group_id" = "U3"."id") INNER JOIN "auth_user_groups" "U4" ON ("U3"."id" = "U4"."group_id") INNER JOIN "trusts_role_groups" "U6" ON ("U3"."id" = "U6"."group_id") INNER JOIN "trusts_role" "U7" ON ("U6"."role_id" = "U7"."id") INNER JOIN "trusts_rolepermission" "U8" ON ("U7"."id" = "U8"."role_id") INNER JOIN "trusts_trust" "U10" ON ("U2"."trust_id" = "U10"."id") INNER JOIN "trusts_trust" "U11" ON ("U10"."id" = "U11"."trust_id") WHERE ("U0"."permission_id" = ("auth_permission"."id") AND "U4"."user_id" = %s AND "U8"."permission_id" = ("U0"."permission_id") AND "U11"."id" = ("V0"."id")) LIMIT 1))) LIMIT 1))) ORDER BY "django_content_type"."app_label" ASC, "django_content_type"."model" ASC, "auth_permission"."codename" ASC
        named_filters:
          - id: "trusts__Trust__own"
            params: [{bind: "user.id"}]
            sql: |-
              SELECT "trusts_trust"."id", "trusts_trust"."trust_id", "trusts_trust"."title", "trusts_trust"."settlor_id" FROM "trusts_trust" WHERE "trusts_trust"."settlor_id" = %s
      - model: "projects.Project"
        trusts:
          - id: "trusts__TrustUserPermission__trust__projects_project_content"
            root: "trusts.TrustUserPermission"
            user: {path: "entity", model: "auth.User", target: "id"}
            permission: {path: "permission", model: "auth.Permission", target: "id"}
            content: {path: "trust__projects_project_content", model: "projects.Project", target: "id"}
            or_group: true
          - id: "trusts__TrustGroupPermission__trustgroup__trust__projects_project_content__cond"
            root: "trusts.TrustGroupPermission"
            user: {path: "trustgroup__group__user", model: "auth.User", target: "id"}
            permission: {path: "permission", model: "auth.Permission", target: "id"}
            content: {path: "trustgroup__trust__projects_project_content", model: "projects.Project", target: "id"}
            or_group: true
          - id: "trusts__TrustGroupPermission__trustgroup__trust__projects_project_content__cond__2"
            root: "trusts.TrustGroupPermission"
            user: {path: "trustgroup__group__user", model: "auth.User", target: "id"}
            permission: {path: "permission", model: "auth.Permission", target: "id"}
            content: {path: "trustgroup__trust__projects_project_content", model: "projects.Project", target: "id"}
            or_group: true
        permitted:
          params: [{const: 1}, {bind: "user.id"}, {bind: "permission.id"}, {const: 1}, {bind: "permission.id"}, {bind: "user.id"}, {const: 1}, {bind: "permission.id"}, {bind: "user.id"}]
          sql: |-
            SELECT DISTINCT "projects_project"."id", "projects_project"."trust_id", "projects_project"."title", "projects_project"."slug", "projects_project"."description" FROM "projects_project" WHERE (EXISTS(SELECT %s AS "a" FROM "trusts_trustuserpermission" "U0" INNER JOIN "trusts_trust" "U3" ON ("U0"."trust_id" = "U3"."id") INNER JOIN "projects_project" "U4" ON ("U3"."id" = "U4"."trust_id") WHERE ("U0"."entity_id" = %s AND "U0"."permission_id" = %s AND "U4"."id" = ("projects_project"."id")) LIMIT 1) OR EXISTS(SELECT %s AS "a" FROM "trusts_trustgrouppermission" "U0" INNER JOIN "trusts_trust_groups" "U2" ON ("U0"."trustgroup_id" = "U2"."id") INNER JOIN "auth_group" "U3" ON ("U2"."group_id" = "U3"."id") INNER JOIN "auth_user_groups" "U4" ON ("U3"."id" = "U4"."group_id") INNER JOIN "auth_group_permissions" "U6" ON ("U3"."id" = "U6"."group_id") INNER JOIN "trusts_trust" "U8" ON ("U2"."trust_id" = "U8"."id") INNER JOIN "projects_project" "U9" ON ("U8"."id" = "U9"."trust_id") WHERE ("U0"."permission_id" = %s AND "U4"."user_id" = %s AND "U6"."permission_id" = ("U0"."permission_id") AND "U9"."id" = ("projects_project"."id")) LIMIT 1) OR EXISTS(SELECT %s AS "a" FROM "trusts_trustgrouppermission" "U0" INNER JOIN "trusts_trust_groups" "U2" ON ("U0"."trustgroup_id" = "U2"."id") INNER JOIN "auth_group" "U3" ON ("U2"."group_id" = "U3"."id") INNER JOIN "auth_user_groups" "U4" ON ("U3"."id" = "U4"."group_id") INNER JOIN "trusts_role_groups" "U6" ON ("U3"."id" = "U6"."group_id") INNER JOIN "trusts_role" "U7" ON ("U6"."role_id" = "U7"."id") INNER JOIN "trusts_rolepermission" "U8" ON ("U7"."id" = "U8"."role_id") INNER JOIN "trusts_trust" "U10" ON ("U2"."trust_id" = "U10"."id") INNER JOIN "projects_project" "U11" ON ("U10"."id" = "U11"."trust_id") WHERE ("U0"."permission_id" = %s AND "U4"."user_id" = %s AND "U8"."permission_id" = ("U0"."permission_id") AND "U11"."id" = ("projects_project"."id")) LIMIT 1)) ORDER BY "projects_project"."title" ASC
        has_perm:
          params: [{const: 1}, {const: 1}, {const: 1}, {bind: "user.id"}, {bind: "permission.id"}, {const: 1}, {bind: "permission.id"}, {bind: "user.id"}, {const: 1}, {bind: "permission.id"}, {bind: "user.id"}]
          sql: |-
            SELECT %s AS "a" FROM "projects_project" WHERE ("projects_project"."id" = %s AND (EXISTS(SELECT %s AS "a" FROM "trusts_trustuserpermission" "U0" INNER JOIN "trusts_trust" "U3" ON ("U0"."trust_id" = "U3"."id") INNER JOIN "projects_project" "U4" ON ("U3"."id" = "U4"."trust_id") WHERE ("U0"."entity_id" = %s AND "U0"."permission_id" = %s AND "U4"."id" = ("projects_project"."id")) LIMIT 1) OR EXISTS(SELECT %s AS "a" FROM "trusts_trustgrouppermission" "U0" INNER JOIN "trusts_trust_groups" "U2" ON ("U0"."trustgroup_id" = "U2"."id") INNER JOIN "auth_group" "U3" ON ("U2"."group_id" = "U3"."id") INNER JOIN "auth_user_groups" "U4" ON ("U3"."id" = "U4"."group_id") INNER JOIN "auth_group_permissions" "U6" ON ("U3"."id" = "U6"."group_id") INNER JOIN "trusts_trust" "U8" ON ("U2"."trust_id" = "U8"."id") INNER JOIN "projects_project" "U9" ON ("U8"."id" = "U9"."trust_id") WHERE ("U0"."permission_id" = %s AND "U4"."user_id" = %s AND "U6"."permission_id" = ("U0"."permission_id") AND "U9"."id" = ("projects_project"."id")) LIMIT 1) OR EXISTS(SELECT %s AS "a" FROM "trusts_trustgrouppermission" "U0" INNER JOIN "trusts_trust_groups" "U2" ON ("U0"."trustgroup_id" = "U2"."id") INNER JOIN "auth_group" "U3" ON ("U2"."group_id" = "U3"."id") INNER JOIN "auth_user_groups" "U4" ON ("U3"."id" = "U4"."group_id") INNER JOIN "trusts_role_groups" "U6" ON ("U3"."id" = "U6"."group_id") INNER JOIN "trusts_role" "U7" ON ("U6"."role_id" = "U7"."id") INNER JOIN "trusts_rolepermission" "U8" ON ("U7"."id" = "U8"."role_id") INNER JOIN "trusts_trust" "U10" ON ("U2"."trust_id" = "U10"."id") INNER JOIN "projects_project" "U11" ON ("U10"."id" = "U11"."trust_id") WHERE ("U0"."permission_id" = %s AND "U4"."user_id" = %s AND "U8"."permission_id" = ("U0"."permission_id") AND "U11"."id" = ("projects_project"."id")) LIMIT 1))) LIMIT 1
        get_all_permissions:
          params: [{const: 1}, {const: 1}, {const: 1}, {const: 1}, {const: 1}, {bind: "user.id"}, {const: 1}, {bind: "user.id"}, {const: 1}, {bind: "user.id"}]
          sql: |-
            SELECT DISTINCT "auth_permission"."id", "auth_permission"."name", "auth_permission"."content_type_id", "auth_permission"."codename", "django_content_type"."app_label", "django_content_type"."model" FROM "auth_permission" INNER JOIN "django_content_type" ON ("auth_permission"."content_type_id" = "django_content_type"."id") WHERE (EXISTS(SELECT %s AS "a" FROM "projects_project" "U0" WHERE "U0"."id" = %s LIMIT 1) AND NOT (EXISTS(SELECT %s AS "a" FROM "projects_project" "V0" WHERE ("V0"."id" = %s AND NOT (EXISTS(SELECT %s AS "a" FROM "trusts_trustuserpermission" "U0" INNER JOIN "trusts_trust" "U3" ON ("U0"."trust_id" = "U3"."id") INNER JOIN "projects_project" "U4" ON ("U3"."id" = "U4"."trust_id") WHERE ("U0"."entity_id" = %s AND "U0"."permission_id" = ("auth_permission"."id") AND "U4"."id" = ("V0"."id")) LIMIT 1) OR EXISTS(SELECT %s AS "a" FROM "trusts_trustgrouppermission" "U0" INNER JOIN "trusts_trust_groups" "U2" ON ("U0"."trustgroup_id" = "U2"."id") INNER JOIN "auth_group" "U3" ON ("U2"."group_id" = "U3"."id") INNER JOIN "auth_user_groups" "U4" ON ("U3"."id" = "U4"."group_id") INNER JOIN "auth_group_permissions" "U6" ON ("U3"."id" = "U6"."group_id") INNER JOIN "trusts_trust" "U8" ON ("U2"."trust_id" = "U8"."id") INNER JOIN "projects_project" "U9" ON ("U8"."id" = "U9"."trust_id") WHERE ("U0"."permission_id" = ("auth_permission"."id") AND "U4"."user_id" = %s AND "U6"."permission_id" = ("U0"."permission_id") AND "U9"."id" = ("V0"."id")) LIMIT 1) OR EXISTS(SELECT %s AS "a" FROM "trusts_trustgrouppermission" "U0" INNER JOIN "trusts_trust_groups" "U2" ON ("U0"."trustgroup_id" = "U2"."id") INNER JOIN "auth_group" "U3" ON ("U2"."group_id" = "U3"."id") INNER JOIN "auth_user_groups" "U4" ON ("U3"."id" = "U4"."group_id") INNER JOIN "trusts_role_groups" "U6" ON ("U3"."id" = "U6"."group_id") INNER JOIN "trusts_role" "U7" ON ("U6"."role_id" = "U7"."id") INNER JOIN "trusts_rolepermission" "U8" ON ("U7"."id" = "U8"."role_id") INNER JOIN "trusts_trust" "U10" ON ("U2"."trust_id" = "U10"."id") INNER JOIN "projects_project" "U11" ON ("U10"."id" = "U11"."trust_id") WHERE ("U0"."permission_id" = ("auth_permission"."id") AND "U4"."user_id" = %s AND "U8"."permission_id" = ("U0"."permission_id") AND "U11"."id" = ("V0"."id")) LIMIT 1))) LIMIT 1))) ORDER BY "django_content_type"."app_label" ASC, "django_content_type"."model" ASC, "auth_permission"."codename" ASC
