schema_version: 1
database:
  engine: "django.db.backends.sqlite3"
backends:
  - path: "trusts.zero.backends.TrustModelBackend"
    contents:
      - model: "trusts.Trust"
        trusts:
          - id: "trusts__TrustUserPermission__trust__trusts_trust_content"
            root: "trusts.TrustUserPermission"
            user: {path: "entity", model: "auth.User", target: "id"}
            permission: {path: "permission", model: "auth.Permission", target: "id"}
            content: {path: "trust__trusts_trust_content", model: "trusts.Trust", target: "id"}
            or_group: true
          - id: "trusts__TrustGroup__trust__trusts_trust_content__cond"
            root: "trusts.TrustGroup"
            user: {path: "group__user", model: "auth.User", target: "id"}
            group: {path: "group", model: "auth.Group", target: "id"}
            permission: {path: "group__permissions", model: "auth.Permission", target: "id"}
            content: {path: "trust__trusts_trust_content", model: "trusts.Trust", target: "id"}
            or_group: true
          - id: "trusts__TrustGroupPermission__trustgroup__trust__trusts_trust_content__cond"
            root: "trusts.TrustGroupPermission"
            user: {path: "trustgroup__group__user", model: "auth.User", target: "id"}
            permission: {path: "permission", model: "auth.Permission", target: "id"}
            content: {path: "trustgroup__trust__trusts_trust_content", model: "trusts.Trust", target: "id"}
            or_group: true
        permitted:
          params: [{const: 1}, {bind: "user.id"}, {bind: "permission.id"}, {const: "trusts"}, {const: "trust"}, {const: 1}, {bind: "permission.id"}, {const: "trusts"}, {const: "trust"}, {bind: "user.id"}, {const: 1}, {bind: "permission.id"}, {const: "trusts"}, {const: "trust"}, {bind: "user.id"}]
          sql: |-
            SELECT DISTINCT "trusts_trust"."id", "trusts_trust"."trust_id", "trusts_trust"."title", "trusts_trust"."settlor_id" FROM "trusts_trust" WHERE (EXISTS(SELECT %s AS "a" FROM "trusts_trustuserpermission" "U0" INNER JOIN "auth_permission" "U2" ON ("U0"."permission_id" = "U2"."id") INNER JOIN "django_content_type" "U3" ON ("U2"."content_type_id" = "U3"."id") INNER JOIN "trusts_trust" "U4" ON ("U0"."trust_id" = "U4"."id") INNER JOIN "trusts_trust" "U5" ON ("U4"."id" = "U5"."trust_id") WHERE ("U0"."entity_id" = %s AND "U0"."permission_id" = %s AND "U3"."app_label" = %s AND "U3"."model" = %s AND "U5"."id" = ("trusts_trust"."id")) LIMIT 1) OR EXISTS(SELECT %s AS "a" FROM "trusts_trust_groups" "U0" INNER JOIN "auth_group" "U1" ON ("U0"."group_id" = "U1"."id") INNER JOIN "auth_group_permissions" "U2" ON ("U1"."id" = "U2"."group_id") INNER JOIN "auth_permission" "U3" ON ("U2"."permission_id" = "U3"."id") INNER JOIN "django_content_type" "U4" ON ("U3"."content_type_id" = "U4"."id") INNER JOIN "auth_user_groups" "U5" ON ("U1"."id" = "U5"."group_id") INNER JOIN "trusts_trustgrouppermission" "U7" ON ("U0"."id" = "U7"."trustgroup_id") INNER JOIN "trusts_trust" "U9" ON ("U0"."trust_id" = "U9"."id") INNER JOIN "trusts_trust" "U10" ON ("U9"."id" = "U10"."trust_id") WHERE ("U2"."permission_id" = %s AND "U4"."app_label" = %s AND "U4"."model" = %s AND "U5"."user_id" = %s AND "U7"."permission_id" = ("U2"."permission_id") AND "U10"."id" = ("trusts_trust"."id")) LIMIT 1) OR EXISTS(SELECT %s AS "a" FROM "trusts_trustgrouppermission" "U0" INNER JOIN "auth_permission" "U1" ON ("U0"."permission_id" = "U1"."id") INNER JOIN "django_content_type" "U2" ON ("U1"."content_type_id" = "U2"."id") INNER JOIN "trusts_trust_groups" "U3" ON ("U0"."trustgroup_id" = "U3"."id") INNER JOIN "auth_group" "U4" ON ("U3"."group_id" = "U4"."id") INNER JOIN "auth_user_groups" "U5" ON ("U4"."id" = "U5"."group_id") INNER JOIN "trusts_role_groups" "U7" ON ("U4"."id" = "U7"."group_id") INNER JOIN "trusts_role" "U8" ON ("U7"."role_id" = "U8"."id") INNER JOIN "trusts_rolepermission" "U9" ON ("U8"."id" = "U9"."role_id") INNER JOIN "trusts_trust" "U11" ON ("U3"."trust_id" = "U11"."id") INNER JOIN "trusts_trust" "U12" ON ("U11"."id" = "U12"."trust_id") WHERE ("U0"."permission_id" = %s AND "U2"."app_label" = %s AND "U2"."model" = %s AND "U5"."user_id" = %s AND "U9"."permission_id" = ("U0"."permission_id") AND "U12"."id" = ("trusts_trust"."id")) LIMIT 1))
        has_perm:
          params: [{const: 1}, {const: 1}, {const: 1}, {bind: "user.id"}, {bind: "permission.id"}, {const: "trusts"}, {const: "trust"}, {const: 1}, {bind: "permission.id"}, {const: "trusts"}, {const: "trust"}, {bind: "user.id"}, {const: 1}, {bind: "permission.id"}, {const: "trusts"}, {const: "trust"}, {bind: "user.id"}]
          sql: |-
            SELECT %s AS "a" FROM "trusts_trust" WHERE ("trusts_trust"."id" = %s AND (EXISTS(SELECT %s AS "a" FROM "trusts_trustuserpermission" "U0" INNER JOIN "auth_permission" "U2" ON ("U0"."permission_id" = "U2"."id") INNER JOIN "django_content_type" "U3" ON ("U2"."content_type_id" = "U3"."id") INNER JOIN "trusts_trust" "U4" ON ("U0"."trust_id" = "U4"."id") INNER JOIN "trusts_trust" "U5" ON ("U4"."id" = "U5"."trust_id") WHERE ("U0"."entity_id" = %s AND "U0"."permission_id" = %s AND "U3"."app_label" = %s AND "U3"."model" = %s AND "U5"."id" = ("trusts_trust"."id")) LIMIT 1) OR EXISTS(SELECT %s AS "a" FROM "trusts_trust_groups" "U0" INNER JOIN "auth_group" "U1" ON ("U0"."group_id" = "U1"."id") INNER JOIN "auth_group_permissions" "U2" ON ("U1"."id" = "U2"."group_id") INNER JOIN "auth_permission" "U3" ON ("U2"."permission_id" = "U3"."id") INNER JOIN "django_content_type" "U4" ON ("U3"."content_type_id" = "U4"."id") INNER JOIN "auth_user_groups" "U5" ON ("U1"."id" = "U5"."group_id") INNER JOIN "trusts_trustgrouppermission" "U7" ON ("U0"."id" = "U7"."trustgroup_id") INNER JOIN "trusts_trust" "U9" ON ("U0"."trust_id" = "U9"."id") INNER JOIN "trusts_trust" "U10" ON ("U9"."id" = "U10"."trust_id") WHERE ("U2"."permission_id" = %s AND "U4"."app_label" = %s AND "U4"."model" = %s AND "U5"."user_id" = %s AND "U7"."permission_id" = ("U2"."permission_id") AND "U10"."id" = ("trusts_trust"."id")) LIMIT 1) OR EXISTS(SELECT %s AS "a" FROM "trusts_trustgrouppermission" "U0" INNER JOIN "auth_permission" "U1" ON ("U0"."permission_id" = "U1"."id") INNER JOIN "django_content_type" "U2" ON ("U1"."content_type_id" = "U2"."id") INNER JOIN "trusts_trust_groups" "U3" ON ("U0"."trustgroup_id" = "U3"."id") INNER JOIN "auth_group" "U4" ON ("U3"."group_id" = "U4"."id") INNER JOIN "auth_user_groups" "U5" ON ("U4"."id" = "U5"."group_id") INNER JOIN "trusts_role_groups" "U7" ON ("U4"."id" = "U7"."group_id") INNER JOIN "trusts_role" "U8" ON ("U7"."role_id" = "U8"."id") INNER JOIN "trusts_rolepermission" "U9" ON ("U8"."id" = "U9"."role_id") INNER JOIN "trusts_trust" "U11" ON ("U3"."trust_id" = "U11"."id") INNER JOIN "trusts_trust" "U12" ON ("U11"."id" = "U12"."trust_id") WHERE ("U0"."permission_id" = %s AND "U2"."app_label" = %s AND "U2"."model" = %s AND "U5"."user_id" = %s AND "U9"."permission_id" = ("U0"."permission_id") AND "U12"."id" = ("trusts_trust"."id")) LIMIT 1))) LIMIT 1
        get_all_permissions:
          params: [{const: 1}, {const: 1}, {const: 1}, {const: 1}, {const: 1}, {bind: "user.id"}, {const: "trusts"}, {const: "trust"}, {const: 1}, {const: "trusts"}, {const: "trust"}, {bind: "user.id"}, {const: 1}, {const: "trusts"}, {const: "trust"}, {bind: "user.id"}]
          sql: |-
            SELECT DISTINCT "auth_permission"."id", "auth_permission"."name", "auth_permission"."content_type_id", "auth_permission"."codename", "django_content_type"."app_label", "django_content_type"."model" FROM "auth_permission" INNER JOIN "django_content_type" ON ("auth_permission"."content_type_id" = "django_content_type"."id") WHERE (EXISTS(SELECT %s AS "a" FROM "trusts_trust" "U0" WHERE "U0"."id" = %s LIMIT 1) AND NOT (EXISTS(SELECT %s AS "a" FROM "trusts_trust" "V0" WHERE ("V0"."id" = %s AND NOT (EXISTS(SELECT %s AS "a" FROM "trusts_trustuserpermission" "U0" INNER JOIN "auth_permission" "U2" ON ("U0"."permission_id" = "U2"."id") INNER JOIN "django_content_type" "U3" ON ("U2"."content_type_id" = "U3"."id") INNER JOIN "trusts_trust" "U4" ON ("U0"."trust_id" = "U4"."id") INNER JOIN "trusts_trust" "U5" ON ("U4"."id" = "U5"."trust_id") WHERE ("U0"."entity_id" = %s AND "U0"."permission_id" = ("auth_permission"."id") AND "U3"."app_label" = %s AND "U3"."model" = %s AND "U5"."id" = ("V0"."id")) LIMIT 1) OR EXISTS(SELECT %s AS "a" FROM "trusts_trust_groups" "U0" INNER JOIN "auth_group" "U1" ON ("U0"."group_id" = "U1"."id") INNER JOIN "auth_group_permissions" "U2" ON ("U1"."id" = "U2"."group_id") INNER JOIN "auth_permission" "U3" ON ("U2"."permission_id" = "U3"."id") INNER JOIN "django_content_type" "U4" ON ("U3"."content_type_id" = "U4"."id") INNER JOIN "auth_user_groups" "U5" ON ("U1"."id" = "U5"."group_id") INNER JOIN "trusts_trustgrouppermission" "U7" ON ("U0"."id" = "U7"."trustgroup_id") INNER JOIN "trusts_trust" "U9" ON ("U0"."trust_id" = "U9"."id") INNER JOIN "trusts_trust" "U10" ON ("U9"."id" = "U10"."trust_id") WHERE ("U2"."permission_id" = ("auth_permission"."id") AND "U4"."app_label" = %s AND "U4"."model" = %s AND "U5"."user_id" = %s AND "U7"."permission_id" = ("U2"."permission_id") AND "U10"."id" = ("V0"."id")) LIMIT 1) OR EXISTS(SELECT %s AS "a" FROM "trusts_trustgrouppermission" "U0" INNER JOIN "auth_permission" "U1" ON ("U0"."permission_id" = "U1"."id") INNER JOIN "django_content_type" "U2" ON ("U1"."content_type_id" = "U2"."id") INNER JOIN "trusts_trust_groups" "U3" ON ("U0"."trustgroup_id" = "U3"."id") INNER JOIN "auth_group" "U4" ON ("U3"."group_id" = "U4"."id") INNER JOIN "auth_user_groups" "U5" ON ("U4"."id" = "U5"."group_id") INNER JOIN "trusts_role_groups" "U7" ON ("U4"."id" = "U7"."group_id") INNER JOIN "trusts_role" "U8" ON ("U7"."role_id" = "U8"."id") INNER JOIN "trusts_rolepermission" "U9" ON ("U8"."id" = "U9"."role_id") INNER JOIN "trusts_trust" "U11" ON ("U3"."trust_id" = "U11"."id") INNER JOIN "trusts_trust" "U12" ON ("U11"."id" = "U12"."trust_id") WHERE ("U0"."permission_id" = ("auth_permission"."id") AND "U2"."app_label" = %s AND "U2"."model" = %s AND "U5"."user_id" = %s AND "U9"."permission_id" = ("U0"."permission_id") AND "U12"."id" = ("V0"."id")) LIMIT 1))) LIMIT 1))) ORDER BY "django_content_type"."app_label" ASC, "django_content_type"."model" ASC, "auth_permission"."codename" ASC
        get_group_permissions:
          params: [{const: 1}, {const: 1}, {const: 1}, {const: 1}, {const: 1}, {const: "trusts"}, {const: "trust"}, {bind: "user.id"}]
          sql: |-
            SELECT DISTINCT "auth_permission"."id", "auth_permission"."name", "auth_permission"."content_type_id", "auth_permission"."codename", "django_content_type"."app_label", "django_content_type"."model" FROM "auth_permission" INNER JOIN "django_content_type" ON ("auth_permission"."content_type_id" = "django_content_type"."id") WHERE (EXISTS(SELECT %s AS "a" FROM "trusts_trust" "U0" WHERE "U0"."id" = %s LIMIT 1) AND NOT (EXISTS(SELECT %s AS "a" FROM "trusts_trust" "V0" WHERE ("V0"."id" = %s AND NOT (EXISTS(SELECT %s AS "a" FROM "trusts_trust_groups" "U0" INNER JOIN "auth_group" "U1" ON ("U0"."group_id" = "U1"."id") INNER JOIN "auth_group_permissions" "U2" ON ("U1"."id" = "U2"."group_id") INNER JOIN "auth_permission" "U3" ON ("U2"."permission_id" = "U3"."id") INNER JOIN "django_content_type" "U4" ON ("U3"."content_type_id" = "U4"."id") INNER JOIN "auth_user_groups" "U5" ON ("U1"."id" = "U5"."group_id") INNER JOIN "trusts_trustgrouppermission" "U7" ON ("U0"."id" = "U7"."trustgroup_id") INNER JOIN "trusts_trust" "U9" ON ("U0"."trust_id" = "U9"."id") INNER JOIN "trusts_trust" "U10" ON ("U9"."id" = "U10"."trust_id") WHERE ("U2"."permission_id" = ("auth_permission"."id") AND "U4"."app_label" = %s AND "U4"."model" = %s AND "U5"."user_id" = %s AND "U7"."permission_id" = ("U2"."permission_id") AND "U10"."id" = ("V0"."id")) LIMIT 1))) LIMIT 1))) ORDER BY "django_content_type"."app_label" ASC, "django_content_type"."model" ASC, "auth_permission"."codename" ASC
        get_permitted_users:
          params: [{const: true}, {const: 1}, {bind: "permission.id"}, {const: "trusts"}, {const: "trust"}, {const: 1}, {const: 1}, {bind: "permission.id"}, {const: "trusts"}, {const: "trust"}, {const: 1}, {const: 1}, {bind: "permission.id"}, {const: "trusts"}, {const: "trust"}, {const: 1}]
          sql: |-
            SELECT DISTINCT "auth_user"."id", "auth_user"."password", "auth_user"."last_login", "auth_user"."is_superuser", "auth_user"."username", "auth_user"."first_name", "auth_user"."last_name", "auth_user"."email", "auth_user"."is_staff", "auth_user"."is_active", "auth_user"."date_joined" FROM "auth_user" WHERE ("auth_user"."is_active" = %s AND (EXISTS(SELECT %s AS "a" FROM "trusts_trustuserpermission" "U0" INNER JOIN "auth_permission" "U1" ON ("U0"."permission_id" = "U1"."id") INNER JOIN "django_content_type" "U2" ON ("U1"."content_type_id" = "U2"."id") INNER JOIN "trusts_trust" "U3" ON ("U0"."trust_id" = "U3"."id") INNER JOIN "trusts_trust" "U4" ON ("U3"."id" = "U4"."trust_id") WHERE ("U0"."permission_id" = %s AND "U2"."app_label" = %s AND "U2"."model" = %s AND "U4"."id" = %s AND "U0"."entity_id" = ("auth_user"."id")) LIMIT 1) OR EXISTS(SELECT %s AS "a" FROM "trusts_trust_groups" "U0" INNER JOIN "auth_group" "U1" ON ("U0"."group_id" = "U1"."id") INNER JOIN "auth_group_permissions" "U2" ON ("U1"."id" = "U2"."group_id") INNER JOIN "auth_permission" "U3" ON ("U2"."permission_id" = "U3"."id") INNER JOIN "django_content_type" "U4" ON ("U3"."content_type_id" = "U4"."id") INNER JOIN "trusts_trust" "U5" ON ("U0"."trust_id" = "U5"."id") INNER JOIN "trusts_trust" "U6" ON ("U5"."id" = "U6"."trust_id") INNER JOIN "trusts_trustgrouppermission" "U7" ON ("U0"."id" = "U7"."trustgroup_id") INNER JOIN "auth_user_groups" "U9" ON ("U1"."id" = "U9"."group_id") WHERE ("U2"."permission_id" = %s AND "U4"."app_label" = %s AND "U4"."model" = %s AND "U6"."id" = %s AND "U7"."permission_id" = ("U2"."permission_id") AND "U9"."user_id" = ("auth_user"."id")) LIMIT 1) OR EXISTS(SELECT %s AS "a" FROM "trusts_trustgrouppermission" "U0" INNER JOIN "auth_permission" "U1" ON ("U0"."permission_id" = "U1"."id") INNER JOIN "django_content_type" "U2" ON ("U1"."content_type_id" = "U2"."id") INNER JOIN "trusts_trust_groups" "U3" ON ("U0"."trustgroup_id" = "U3"."id") INNER JOIN "trusts_trust" "U4" ON ("U3"."trust_id" = "U4"."id") INNER JOIN "trusts_trust" "U5" ON ("U4"."id" = "U5"."trust_id") INNER JOIN "auth_group" "U6" ON ("U3"."group_id" = "U6"."id") INNER JOIN "trusts_role_groups" "U7" ON ("U6"."id" = "U7"."group_id") INNER JOIN "trusts_role" "U8" ON ("U7"."role_id" = "U8"."id") INNER JOIN "trusts_rolepermission" "U9" ON ("U8"."id" = "U9"."role_id") INNER JOIN "auth_user_groups" "U11" ON ("U6"."id" = "U11"."group_id") WHERE ("U0"."permission_id" = %s AND "U2"."app_label" = %s AND "U2"."model" = %s AND "U5"."id" = %s AND "U9"."permission_id" = ("U0"."permission_id") AND "U11"."user_id" = ("auth_user"."id")) LIMIT 1)))
        named_filters:
          - id: "trusts__Trust__own"
            params: [{bind: "user.id"}]
            sql: |-
              SELECT "trusts_trust"."id", "trusts_trust"."trust_id", "trusts_trust"."title", "trusts_trust"."settlor_id" FROM "trusts_trust" WHERE "trusts_trust"."settlor_id" = %s
      - model: "projects.Project"
        trusts:
          - id: "trusts__TrustUserPermission__trust__projects_project_content"
            root: "trusts.TrustUserPermission"
            user: {path: "entity", model: "auth.User", target: "id"}
            permission: {path: "permission", model: "auth.Permission", target: "id"}
            content: {path: "trust__projects_project_content", model: "projects.Project", target: "id"}
            or_group: true
          - id: "trusts__TrustGroup__trust__projects_project_content__cond"
            root: "trusts.TrustGroup"
            user: {path: "group__user", model: "auth.User", target: "id"}
            group: {path: "group", model: "auth.Group", target: "id"}
            permission: {path: "group__permissions", model: "auth.Permission", target: "id"}
            content: {path: "trust__projects_project_content", model: "projects.Project", target: "id"}
            or_group: true
          - id: "trusts__TrustGroupPermission__trustgroup__trust__projects_project_content__cond"
            root: "trusts.TrustGroupPermission"
            user: {path: "trustgroup__group__user", model: "auth.User", target: "id"}
            permission: {path: "permission", model: "auth.Permission", target: "id"}
            content: {path: "trustgroup__trust__projects_project_content", model: "projects.Project", target: "id"}
            or_group: true
        permitted:
          params: [{const: 1}, {bind: "user.id"}, {bind: "permission.id"}, {const: "projects"}, {const: "project"}, {const: 1}, {bind: "permission.id"}, {const: "projects"}, {const: "project"}, {bind: "user.id"}, {const: 1}, {bind: "permission.id"}, {const: "projects"}, {const: "project"}, {bind: "user.id"}]
          sql: |-
            SELECT DISTINCT "projects_project"."id", "projects_project"."trust_id", "projects_project"."title", "projects_project"."slug", "projects_project"."description" FROM "projects_project" WHERE (EXISTS(SELECT %s AS "a" FROM "trusts_trustuserpermission" "U0" INNER JOIN "auth_permission" "U2" ON ("U0"."permission_id" = "U2"."id") INNER JOIN "django_content_type" "U3" ON ("U2"."content_type_id" = "U3"."id") INNER JOIN "trusts_trust" "U4" ON ("U0"."trust_id" = "U4"."id") INNER JOIN "projects_project" "U5" ON ("U4"."id" = "U5"."trust_id") WHERE ("U0"."entity_id" = %s AND "U0"."permission_id" = %s AND "U3"."app_label" = %s AND "U3"."model" = %s AND "U5"."id" = ("projects_project"."id")) LIMIT 1) OR EXISTS(SELECT %s AS "a" FROM "trusts_trust_groups" "U0" INNER JOIN "auth_group" "U1" ON ("U0"."group_id" = "U1"."id") INNER JOIN "auth_group_permissions" "U2" ON ("U1"."id" = "U2"."group_id") INNER JOIN "auth_permission" "U3" ON ("U2"."permission_id" = "U3"."id") INNER JOIN "django_content_type" "U4" ON ("U3"."content_type_id" = "U4"."id") INNER JOIN "auth_user_groups" "U5" ON ("U1"."id" = "U5"."group_id") INNER JOIN "trusts_trustgrouppermission" "U7" ON ("U0"."id" = "U7"."trustgroup_id") INNER JOIN "trusts_trust" "U9" ON ("U0"."trust_id" = "U9"."id") INNER JOIN "projects_project" "U10" ON ("U9"."id" = "U10"."trust_id") WHERE ("U2"."permission_id" = %s AND "U4"."app_label" = %s AND "U4"."model" = %s AND "U5"."user_id" = %s AND "U7"."permission_id" = ("U2"."permission_id") AND "U10"."id" = ("projects_project"."id")) LIMIT 1) OR EXISTS(SELECT %s AS "a" FROM "trusts_trustgrouppermission" "U0" INNER JOIN "auth_permission" "U1" ON ("U0"."permission_id" = "U1"."id") INNER JOIN "django_content_type" "U2" ON ("U1"."content_type_id" = "U2"."id") INNER JOIN "trusts_trust_groups" "U3" ON ("U0"."trustgroup_id" = "U3"."id") INNER JOIN "auth_group" "U4" ON ("U3"."group_id" = "U4"."id") INNER JOIN "auth_user_groups" "U5" ON ("U4"."id" = "U5"."group_id") INNER JOIN "trusts_role_groups" "U7" ON ("U4"."id" = "U7"."group_id") INNER JOIN "trusts_role" "U8" ON ("U7"."role_id" = "U8"."id") INNER JOIN "trusts_rolepermission" "U9" ON ("U8"."id" = "U9"."role_id") INNER JOIN "trusts_trust" "U11" ON ("U3"."trust_id" = "U11"."id") INNER JOIN "projects_project" "U12" ON ("U11"."id" = "U12"."trust_id") WHERE ("U0"."permission_id" = %s AND "U2"."app_label" = %s AND "U2"."model" = %s AND "U5"."user_id" = %s AND "U9"."permission_id" = ("U0"."permission_id") AND "U12"."id" = ("projects_project"."id")) LIMIT 1)) ORDER BY "projects_project"."title" ASC
        has_perm:
          params: [{const: 1}, {const: 1}, {const: 1}, {bind: "user.id"}, {bind: "permission.id"}, {const: "projects"}, {const: "project"}, {const: 1}, {bind: "permission.id"}, {const: "projects"}, {const: "project"}, {bind: "user.id"}, {const: 1}, {bind: "permission.id"}, {const: "projects"}, {const: "project"}, {bind: "user.id"}]
          sql: |-
            SELECT %s AS "a" FROM "projects_project" WHERE ("projects_project"."id" = %s AND (EXISTS(SELECT %s AS "a" FROM "trusts_trustuserpermission" "U0" INNER JOIN "auth_permission" "U2" ON ("U0"."permission_id" = "U2"."id") INNER JOIN "django_content_type" "U3" ON ("U2"."content_type_id" = "U3"."id") INNER JOIN "trusts_trust" "U4" ON ("U0"."trust_id" = "U4"."id") INNER JOIN "projects_project" "U5" ON ("U4"."id" = "U5"."trust_id") WHERE ("U0"."entity_id" = %s AND "U0"."permission_id" = %s AND "U3"."app_label" = %s AND "U3"."model" = %s AND "U5"."id" = ("projects_project"."id")) LIMIT 1) OR EXISTS(SELECT %s AS "a" FROM "trusts_trust_groups" "U0" INNER JOIN "auth_group" "U1" ON ("U0"."group_id" = "U1"."id") INNER JOIN "auth_group_permissions" "U2" ON ("U1"."id" = "U2"."group_id") INNER JOIN "auth_permission" "U3" ON ("U2"."permission_id" = "U3"."id") INNER JOIN "django_content_type" "U4" ON ("U3"."content_type_id" = "U4"."id") INNER JOIN "auth_user_groups" "U5" ON ("U1"."id" = "U5"."group_id") INNER JOIN "trusts_trustgrouppermission" "U7" ON ("U0"."id" = "U7"."trustgroup_id") INNER JOIN "trusts_trust" "U9" ON ("U0"."trust_id" = "U9"."id") INNER JOIN "projects_project" "U10" ON ("U9"."id" = "U10"."trust_id") WHERE ("U2"."permission_id" = %s AND "U4"."app_label" = %s AND "U4"."model" = %s AND "U5"."user_id" = %s AND "U7"."permission_id" = ("U2"."permission_id") AND "U10"."id" = ("projects_project"."id")) LIMIT 1) OR EXISTS(SELECT %s AS "a" FROM "trusts_trustgrouppermission" "U0" INNER JOIN "auth_permission" "U1" ON ("U0"."permission_id" = "U1"."id") INNER JOIN "django_content_type" "U2" ON ("U1"."content_type_id" = "U2"."id") INNER JOIN "trusts_trust_groups" "U3" ON ("U0"."trustgroup_id" = "U3"."id") INNER JOIN "auth_group" "U4" ON ("U3"."group_id" = "U4"."id") INNER JOIN "auth_user_groups" "U5" ON ("U4"."id" = "U5"."group_id") INNER JOIN "trusts_role_groups" "U7" ON ("U4"."id" = "U7"."group_id") INNER JOIN "trusts_role" "U8" ON ("U7"."role_id" = "U8"."id") INNER JOIN "trusts_rolepermission" "U9" ON ("U8"."id" = "U9"."role_id") INNER JOIN "trusts_trust" "U11" ON ("U3"."trust_id" = "U11"."id") INNER JOIN "projects_project" "U12" ON ("U11"."id" = "U12"."trust_id") WHERE ("U0"."permission_id" = %s AND "U2"."app_label" = %s AND "U2"."model" = %s AND "U5"."user_id" = %s AND "U9"."permission_id" = ("U0"."permission_id") AND "U12"."id" = ("projects_project"."id")) LIMIT 1))) LIMIT 1
        get_all_permissions:
          params: [{const: 1}, {const: 1}, {const: 1}, {const: 1}, {const: 1}, {bind: "user.id"}, {const: "projects"}, {const: "project"}, {const: 1}, {const: "projects"}, {const: "project"}, {bind: "user.id"}, {const: 1}, {const: "projects"}, {const: "project"}, {bind: "user.id"}]
          sql: |-
            SELECT DISTINCT "auth_permission"."id", "auth_permission"."name", "auth_permission"."content_type_id", "auth_permission"."codename", "django_content_type"."app_label", "django_content_type"."model" FROM "auth_permission" INNER JOIN "django_content_type" ON ("auth_permission"."content_type_id" = "django_content_type"."id") WHERE (EXISTS(SELECT %s AS "a" FROM "projects_project" "U0" WHERE "U0"."id" = %s LIMIT 1) AND NOT (EXISTS(SELECT %s AS "a" FROM "projects_project" "V0" WHERE ("V0"."id" = %s AND NOT (EXISTS(SELECT %s AS "a" FROM "trusts_trustuserpermission" "U0" INNER JOIN "auth_permission" "U2" ON ("U0"."permission_id" = "U2"."id") INNER JOIN "django_content_type" "U3" ON ("U2"."content_type_id" = "U3"."id") INNER JOIN "trusts_trust" "U4" ON ("U0"."trust_id" = "U4"."id") INNER JOIN "projects_project" "U5" ON ("U4"."id" = "U5"."trust_id") WHERE ("U0"."entity_id" = %s AND "U0"."permission_id" = ("auth_permission"."id") AND "U3"."app_label" = %s AND "U3"."model" = %s AND "U5"."id" = ("V0"."id")) LIMIT 1) OR EXISTS(SELECT %s AS "a" FROM "trusts_trust_groups" "U0" INNER JOIN "auth_group" "U1" ON ("U0"."group_id" = "U1"."id") INNER JOIN "auth_group_permissions" "U2" ON ("U1"."id" = "U2"."group_id") INNER JOIN "auth_permission" "U3" ON ("U2"."permission_id" = "U3"."id") INNER JOIN "django_content_type" "U4" ON ("U3"."content_type_id" = "U4"."id") INNER JOIN "auth_user_groups" "U5" ON ("U1"."id" = "U5"."group_id") INNER JOIN "trusts_trustgrouppermission" "U7" ON ("U0"."id" = "U7"."trustgroup_id") INNER JOIN "trusts_trust" "U9" ON ("U0"."trust_id" = "U9"."id") INNER JOIN "projects_project" "U10" ON ("U9"."id" = "U10"."trust_id") WHERE ("U2"."permission_id" = ("auth_permission"."id") AND "U4"."app_label" = %s AND "U4"."model" = %s AND "U5"."user_id" = %s AND "U7"."permission_id" = ("U2"."permission_id") AND "U10"."id" = ("V0"."id")) LIMIT 1) OR EXISTS(SELECT %s AS "a" FROM "trusts_trustgrouppermission" "U0" INNER JOIN "auth_permission" "U1" ON ("U0"."permission_id" = "U1"."id") INNER JOIN "django_content_type" "U2" ON ("U1"."content_type_id" = "U2"."id") INNER JOIN "trusts_trust_groups" "U3" ON ("U0"."trustgroup_id" = "U3"."id") INNER JOIN "auth_group" "U4" ON ("U3"."group_id" = "U4"."id") INNER JOIN "auth_user_groups" "U5" ON ("U4"."id" = "U5"."group_id") INNER JOIN "trusts_role_groups" "U7" ON ("U4"."id" = "U7"."group_id") INNER JOIN "trusts_role" "U8" ON ("U7"."role_id" = "U8"."id") INNER JOIN "trusts_rolepermission" "U9" ON ("U8"."id" = "U9"."role_id") INNER JOIN "trusts_trust" "U11" ON ("U3"."trust_id" = "U11"."id") INNER JOIN "projects_project" "U12" ON ("U11"."id" = "U12"."trust_id") WHERE ("U0"."permission_id" = ("auth_permission"."id") AND "U2"."app_label" = %s AND "U2"."model" = %s AND "U5"."user_id" = %s AND "U9"."permission_id" = ("U0"."permission_id") AND "U12"."id" = ("V0"."id")) LIMIT 1))) LIMIT 1))) ORDER BY "django_content_type"."app_label" ASC, "django_content_type"."model" ASC, "auth_permission"."codename" ASC
        get_group_permissions:
          params: [{const: 1}, {const: 1}, {const: 1}, {const: 1}, {const: 1}, {const: "projects"}, {const: "project"}, {bind: "user.id"}]
          sql: |-
            SELECT DISTINCT "auth_permission"."id", "auth_permission"."name", "auth_permission"."content_type_id", "auth_permission"."codename", "django_content_type"."app_label", "django_content_type"."model" FROM "auth_permission" INNER JOIN "django_content_type" ON ("auth_permission"."content_type_id" = "django_content_type"."id") WHERE (EXISTS(SELECT %s AS "a" FROM "projects_project" "U0" WHERE "U0"."id" = %s LIMIT 1) AND NOT (EXISTS(SELECT %s AS "a" FROM "projects_project" "V0" WHERE ("V0"."id" = %s AND NOT (EXISTS(SELECT %s AS "a" FROM "trusts_trust_groups" "U0" INNER JOIN "auth_group" "U1" ON ("U0"."group_id" = "U1"."id") INNER JOIN "auth_group_permissions" "U2" ON ("U1"."id" = "U2"."group_id") INNER JOIN "auth_permission" "U3" ON ("U2"."permission_id" = "U3"."id") INNER JOIN "django_content_type" "U4" ON ("U3"."content_type_id" = "U4"."id") INNER JOIN "auth_user_groups" "U5" ON ("U1"."id" = "U5"."group_id") INNER JOIN "trusts_trustgrouppermission" "U7" ON ("U0"."id" = "U7"."trustgroup_id") INNER JOIN "trusts_trust" "U9" ON ("U0"."trust_id" = "U9"."id") INNER JOIN "projects_project" "U10" ON ("U9"."id" = "U10"."trust_id") WHERE ("U2"."permission_id" = ("auth_permission"."id") AND "U4"."app_label" = %s AND "U4"."model" = %s AND "U5"."user_id" = %s AND "U7"."permission_id" = ("U2"."permission_id") AND "U10"."id" = ("V0"."id")) LIMIT 1))) LIMIT 1))) ORDER BY "django_content_type"."app_label" ASC, "django_content_type"."model" ASC, "auth_permission"."codename" ASC
        get_permitted_users:
          params: [{const: true}, {const: 1}, {bind: "permission.id"}, {const: "projects"}, {const: "project"}, {const: 1}, {const: 1}, {bind: "permission.id"}, {const: "projects"}, {const: "project"}, {const: 1}, {const: 1}, {bind: "permission.id"}, {const: "projects"}, {const: "project"}, {const: 1}]
          sql: |-
            SELECT DISTINCT "auth_user"."id", "auth_user"."password", "auth_user"."last_login", "auth_user"."is_superuser", "auth_user"."username", "auth_user"."first_name", "auth_user"."last_name", "auth_user"."email", "auth_user"."is_staff", "auth_user"."is_active", "auth_user"."date_joined" FROM "auth_user" WHERE ("auth_user"."is_active" = %s AND (EXISTS(SELECT %s AS "a" FROM "trusts_trustuserpermission" "U0" INNER JOIN "auth_permission" "U1" ON ("U0"."permission_id" = "U1"."id") INNER JOIN "django_content_type" "U2" ON ("U1"."content_type_id" = "U2"."id") INNER JOIN "trusts_trust" "U3" ON ("U0"."trust_id" = "U3"."id") INNER JOIN "projects_project" "U4" ON ("U3"."id" = "U4"."trust_id") WHERE ("U0"."permission_id" = %s AND "U2"."app_label" = %s AND "U2"."model" = %s AND "U4"."id" = %s AND "U0"."entity_id" = ("auth_user"."id")) LIMIT 1) OR EXISTS(SELECT %s AS "a" FROM "trusts_trust_groups" "U0" INNER JOIN "auth_group" "U1" ON ("U0"."group_id" = "U1"."id") INNER JOIN "auth_group_permissions" "U2" ON ("U1"."id" = "U2"."group_id") INNER JOIN "auth_permission" "U3" ON ("U2"."permission_id" = "U3"."id") INNER JOIN "django_content_type" "U4" ON ("U3"."content_type_id" = "U4"."id") INNER JOIN "trusts_trust" "U5" ON ("U0"."trust_id" = "U5"."id") INNER JOIN "projects_project" "U6" ON ("U5"."id" = "U6"."trust_id") INNER JOIN "trusts_trustgrouppermission" "U7" ON ("U0"."id" = "U7"."trustgroup_id") INNER JOIN "auth_user_groups" "U9" ON ("U1"."id" = "U9"."group_id") WHERE ("U2"."permission_id" = %s AND "U4"."app_label" = %s AND "U4"."model" = %s AND "U6"."id" = %s AND "U7"."permission_id" = ("U2"."permission_id") AND "U9"."user_id" = ("auth_user"."id")) LIMIT 1) OR EXISTS(SELECT %s AS "a" FROM "trusts_trustgrouppermission" "U0" INNER JOIN "auth_permission" "U1" ON ("U0"."permission_id" = "U1"."id") INNER JOIN "django_content_type" "U2" ON ("U1"."content_type_id" = "U2"."id") INNER JOIN "trusts_trust_groups" "U3" ON ("U0"."trustgroup_id" = "U3"."id") INNER JOIN "trusts_trust" "U4" ON ("U3"."trust_id" = "U4"."id") INNER JOIN "projects_project" "U5" ON ("U4"."id" = "U5"."trust_id") INNER JOIN "auth_group" "U6" ON ("U3"."group_id" = "U6"."id") INNER JOIN "trusts_role_groups" "U7" ON ("U6"."id" = "U7"."group_id") INNER JOIN "trusts_role" "U8" ON ("U7"."role_id" = "U8"."id") INNER JOIN "trusts_rolepermission" "U9" ON ("U8"."id" = "U9"."role_id") INNER JOIN "auth_user_groups" "U11" ON ("U6"."id" = "U11"."group_id") WHERE ("U0"."permission_id" = %s AND "U2"."app_label" = %s AND "U2"."model" = %s AND "U5"."id" = %s AND "U9"."permission_id" = ("U0"."permission_id") AND "U11"."user_id" = ("auth_user"."id")) LIMIT 1)))
